
Microsoft Visual Studio Solution File, Format Version 12.00
# Visual Studio Version 16
VisualStudioVersion = 16.0.30907.101
MinimumVisualStudioVersion = 10.0.40219.1
Project("{8BC9CEB8-8B4A-11D0-8D11-00A0C91BC942}") = "ColorDropDownList", "ColorDropDownList\ColorDropDownList.vcxproj", "{4B6219DD-FF30-4169-9F93-8FAFEE5C4BF4}"
EndProject
Global
	GlobalSection(SolutionConfigurationPlatforms) = preSolution
		Debug|x64 = Debug|x64
		Debug|x86 = Debug|x86
		Release|x64 = Release|x64
		Release|x86 = Release|x86
	EndGlobalSection
	GlobalSection(ProjectConfigurationPlatforms) = postSolution
		{4B6219DD-FF30-4169-9F93-8FAFEE5C4BF4}.Debug|x64.ActiveCfg = Debug|x64
		{4B6219DD-FF30-4169-9F93-8FAFEE5C4BF4}.Debug|x64.Build.0 = Debug|x64
		{4B6219DD-FF30-4169-9F93-8FAFEE5C4BF4}.Debug|x86.ActiveCfg = Debug|Win32
		{4B6219DD-FF30-4169-9F93-8FAFEE5C4BF4}.Release|x64.ActiveCfg = Release|x64
		{4B6219DD-FF30-4169-9F93-8FAFEE5C4BF4}.Release|x64.Build.0 = Release|x64
		{4B6219DD-FF30-4169-9F93-8FAFEE5C4BF4}.Release|x86.ActiveCfg = Release|Win32
	EndGlobalSection
	GlobalSection(SolutionProperties) = preSolution
		HideSolutionNode = FALSE
	EndGlobalSection
	GlobalSection(ExtensibilityGlobals) = postSolution
		SolutionGuid = {363B3AB4-B826-49C2-A895-2383B0D3A9FA}
	EndGlobalSection
EndGlobal
